
Microsoft Visual Studio Solution File, Format Version 12.00
# Visual Studio Version 16
VisualStudioVersion = 16.0.30907.101
MinimumVisualStudioVersion = 10.0.40219.1
Project("{888888A0-9F3D-457C-B088-3A5042F75D52}") = "FlaskWebProject_test", "FlaskWebProject_test\FlaskWebProject_test.pyproj", "{2714D17B-D5E5-4B78-AB6A-0043001EA905}"
EndProject
Global
	GlobalSection(SolutionConfigurationPlatforms) = preSolution
		Debug|Any CPU = Debug|Any CPU
		Release|Any CPU = Release|Any CPU
	EndGlobalSection
	GlobalSection(ProjectConfigurationPlatforms) = postSolution
		{2714D17B-D5E5-4B78-AB6A-0043001EA905}.Debug|Any CPU.ActiveCfg = Debug|Any CPU
		{2714D17B-D5E5-4B78-AB6A-0043001EA905}.Debug|Any CPU.Build.0 = Debug|Any CPU
		{2714D17B-D5E5-4B78-AB6A-0043001EA905}.Release|Any CPU.ActiveCfg = Release|Any CPU
		{2714D17B-D5E5-4B78-AB6A-0043001EA905}.Release|Any CPU.Build.0 = Release|Any CPU
	EndGlobalSection
	GlobalSection(SolutionProperties) = preSolution
		HideSolutionNode = FALSE
	EndGlobalSection
	GlobalSection(ExtensibilityGlobals) = postSolution
		SolutionGuid = {61471544-2BF7-4B85-812E-E8543A10CF16}
	EndGlobalSection
EndGlobal
